
Microsoft Visual Studio Solution File, Format Version 12.00
# Visual Studio Version 17
VisualStudioVersion = 17.0.31903.59
MinimumVisualStudioVersion = 10.0.40219.1
Project("{FAE04EC0-301F-11D3-BF4B-00C04F79EFBC}") = "MyConverterApp2", "MyConverterApp2\MyConverterApp2.csproj", "{164D9D73-F440-4AC4-AC87-00C718BE3096}"
EndProject
Global
	GlobalSection(SolutionConfigurationPlatforms) = preSolution
		Debug|Any CPU = Debug|Any CPU
		Release|Any CPU = Release|Any CPU
	EndGlobalSection
	GlobalSection(SolutionProperties) = preSolution
		HideSolutionNode = FALSE
	EndGlobalSection
	GlobalSection(ProjectConfigurationPlatforms) = postSolution
		{164D9D73-F440-4AC4-AC87-00C718BE3096}.Debug|Any CPU.ActiveCfg = Debug|Any CPU
		{164D9D73-F440-4AC4-AC87-00C718BE3096}.Debug|Any CPU.Build.0 = Debug|Any CPU
		{164D9D73-F440-4AC4-AC87-00C718BE3096}.Release|Any CPU.ActiveCfg = Release|Any CPU
		{164D9D73-F440-4AC4-AC87-00C718BE3096}.Release|Any CPU.Build.0 = Release|Any CPU
	EndGlobalSection
EndGlobal
